
Microsoft Visual Studio Solution File, Format Version 12.00
# Visual Studio Version 16
VisualStudioVersion = 16.0.29609.76
MinimumVisualStudioVersion = 10.0.40219.1
Project("{FAE04EC0-301F-11D3-BF4B-00C04F79EFBC}") = "ReactWebApi", "ReactWebApi\ReactWebApi.csproj", "{08BF52D6-E85E-466C-9C21-5D226E008761}"
EndProject
Global
	GlobalSection(SolutionConfigurationPlatforms) = preSolution
		Debug|Any CPU = Debug|Any CPU
		Release|Any CPU = Release|Any CPU
	EndGlobalSection
	GlobalSection(ProjectConfigurationPlatforms) = postSolution
		{08BF52D6-E85E-466C-9C21-5D226E008761}.Debug|Any CPU.ActiveCfg = Debug|Any CPU
		{08BF52D6-E85E-466C-9C21-5D226E008761}.Debug|Any CPU.Build.0 = Debug|Any CPU
		{08BF52D6-E85E-466C-9C21-5D226E008761}.Release|Any CPU.ActiveCfg = Release|Any CPU
		{08BF52D6-E85E-466C-9C21-5D226E008761}.Release|Any CPU.Build.0 = Release|Any CPU
	EndGlobalSection
	GlobalSection(SolutionProperties) = preSolution
		HideSolutionNode = FALSE
	EndGlobalSection
	GlobalSection(ExtensibilityGlobals) = postSolution
		SolutionGuid = {D04C02B8-07C1-4E40-BD45-32242089C2A4}
	EndGlobalSection
EndGlobal
